{
  "lockfile-version": 1,
  "manifest": {
    "schema-version": "1.12.0",
    "install": {
      "cargo": {
        "pkg-path": "cargo"
      },
      "go": {
        "pkg-path": "go"
      },
      "nodejs": {
        "pkg-path": "nodejs"
      },
      "python3": {
        "pkg-path": "python3"
      },
      "ruby": {
        "pkg-path": "ruby"
      }
    },
    "hook": {},
    "profile": {},
    "options": {}
  },
  "packages": [
    {
      "attr_path": "cargo",
      "broken": false,
      "derivation": "/nix/store/dl0dn79gzqkqk550kpak9pkgk6sdlc56-cargo-1.95.0.drv",
      "description": "Downloads your Rust project's dependencies and builds your project",
      "install_id": "cargo",
      "license": "[ MIT, Apache-2.0 ]",
      "locked_url": "https://github.com/flox/nixpkgs?rev=d407951447dcd00442e97087bf374aad70c04cea",
      "name": "cargo-1.95.0",
      "pname": "cargo",
      "rev": "d407951447dcd00442e97087bf374aad70c04cea",
      "rev_count": 1027867,
      "rev_date": "2026-07-05T04:06:12Z",
      "scrape_date": "2026-07-06T03:12:54.969229Z",
      "stabilities": [
        "unstable"
      ],
      "unfree": false,
      "version": "1.95.0",
      "outputs_to_install": [
        "out"
      ],
      "outputs": {
        "out": "/nix/store/6ks3pm4wf78b4nir9biqy99hbld903yp-cargo-1.95.0"
      },
      "system": "aarch64-darwin",
      "group": "toplevel",
      "priority": 5
    },
    {
      "attr_path": "cargo",
      "broken": false,
      "derivation": "/nix/store/i49w47kp6n3qbyx47ddbyv0a5lzlpkgc-cargo-1.95.0.drv",
      "description": "Downloads your Rust project's dependencies and builds your project",
      "install_id": "cargo",
      "license": "[ MIT, Apache-2.0 ]",
      "locked_url": "https://github.com/flox/nixpkgs?rev=d407951447dcd00442e97087bf374aad70c04cea",
      "name": "cargo-1.95.0",
      "pname": "cargo",
      "rev": "d407951447dcd00442e97087bf374aad70c04cea",
      "rev_count": 1027867,
      "rev_date": "2026-07-05T04:06:12Z",
      "scrape_date": "2026-07-06T03:41:21.547929Z",
      "stabilities": [
        "unstable"
      ],
      "unfree": false,
      "version": "1.95.0",
      "outputs_to_install": [
        "out"
      ],
      "outputs": {
        "out": "/nix/store/1pyc40aar7cymg1i1hvlrhnp3mcdva50-cargo-1.95.0"
      },
      "system": "aarch64-linux",
      "group": "toplevel",
      "priority": 5
    },
    {
      "attr_path": "cargo",
      "broken": false,
      "derivation": "/nix/store/ak37pwwiy0k67hzn1skggk2rw6nvg976-cargo-1.95.0.drv",
      "description": "Downloads your Rust project's dependencies and builds your project",
      "install_id": "cargo",
      "license": "[ MIT, Apache-2.0 ]",
      "locked_url": "https://github.com/flox/nixpkgs?rev=d407951447dcd00442e97087bf374aad70c04cea",
      "name": "cargo-1.95.0",
      "pname": "cargo",
      "rev": "d407951447dcd00442e97087bf374aad70c04cea",
      "rev_count": 1027867,
      "rev_date": "2026-07-05T04:06:12Z",
      "scrape_date": "2026-07-06T04:09:00.294203Z",
      "stabilities": [
        "unstable"
      ],
      "unfree": false,
      "version": "1.95.0",
      "outputs_to_install": [
        "out"
      ],
      "outputs": {
        "out": "/nix/store/k2kynrir5rszv6dnx4lm8h39pjmsxr4c-cargo-1.95.0"
      },
      "system": "x86_64-darwin",
      "group": "toplevel",
      "priority": 5
    },
    {
      "attr_path": "cargo",
      "broken": false,
      "derivation": "/nix/store/36gfn3aq76gz94brbxyfw35w3fsv570m-cargo-1.95.0.drv",
      "description": "Downloads your Rust project's dependencies and builds your project",
      "install_id": "cargo",
      "license": "[ MIT, Apache-2.0 ]",
      "locked_url": "https://github.com/flox/nixpkgs?rev=d407951447dcd00442e97087bf374aad70c04cea",
      "name": "cargo-1.95.0",
      "pname": "cargo",
      "rev": "d407951447dcd00442e97087bf374aad70c04cea",
      "rev_count": 1027867,
      "rev_date": "2026-07-05T04:06:12Z",
      "scrape_date": "2026-07-06T04:40:24.174359Z",
      "stabilities": [
        "unstable"
      ],
      "unfree": false,
      "version": "1.95.0",
      "outputs_to_install": [
        "out"
      ],
      "outputs": {
        "out": "/nix/store/6gcrqjdzbx71bavmmrqpl3hw1ljml7vi-cargo-1.95.0"
      },
      "system": "x86_64-linux",
      "group": "toplevel",
      "priority": 5
    },
    {
      "attr_path": "go",
      "broken": false,
      "derivation": "/nix/store/0j94l4ngkz3fppqd0wxqsvjwri4fny1y-go-1.26.4.drv",
      "description": "Go Programming language",
      "install_id": "go",
      "license": "BSD-3-Clause",
      "locked_url": "https://github.com/flox/nixpkgs?rev=d407951447dcd00442e97087bf374aad70c04cea",
      "name": "go-1.26.4",
      "pname": "go",
      "rev": "d407951447dcd00442e97087bf374aad70c04cea",
      "rev_count": 1027867,
      "rev_date": "2026-07-05T04:06:12Z",
      "scrape_date": "2026-07-06T03:12:56.227877Z",
      "stabilities": [
        "unstable"
      ],
      "unfree": false,
      "version": "1.26.4",
      "outputs_to_install": [
        "out",
        "out"
      ],
      "outputs": {
        "out": "/nix/store/kyai650rrywrzflnwda9mbk2c2j9w68r-go-1.26.4"
      },
      "system": "aarch64-darwin",
      "group": "toplevel",
      "priority": 5
    },
    {
      "attr_path": "go",
      "broken": false,
      "derivation": "/nix/store/a402qx3ryvfilga56w29z0izz6jgi7gi-go-1.26.4.drv",
      "description": "Go Programming language",
      "install_id": "go",
      "license": "BSD-3-Clause",
      "locked_url": "https://github.com/flox/nixpkgs?rev=d407951447dcd00442e97087bf374aad70c04cea",
      "name": "go-1.26.4",
      "pname": "go",
      "rev": "d407951447dcd00442e97087bf374aad70c04cea",
      "rev_count": 1027867,
      "rev_date": "2026-07-05T04:06:12Z",
      "scrape_date": "2026-07-06T03:41:23.896640Z",
      "stabilities": [
        "unstable"
      ],
      "unfree": false,
      "version": "1.26.4",
      "outputs_to_install": [
        "out"
      ],
      "outputs": {
        "out": "/nix/store/lgcj27hrbanbc93xm9zdrldds7b1jrw8-go-1.26.4"
      },
      "system": "aarch64-linux",
      "group": "toplevel",
      "priority": 5
    },
    {
      "attr_path": "go",
      "broken": false,
      "derivation": "/nix/store/0lvbzgq250sass3jyxxvpamk09gcnym3-go-1.26.4.drv",
      "description": "Go Programming language",
      "install_id": "go",
      "license": "BSD-3-Clause",
      "locked_url": "https://github.com/flox/nixpkgs?rev=d407951447dcd00442e97087bf374aad70c04cea",
      "name": "go-1.26.4",
      "pname": "go",
      "rev": "d407951447dcd00442e97087bf374aad70c04cea",
      "rev_count": 1027867,
      "rev_date": "2026-07-05T04:06:12Z",
      "scrape_date": "2026-07-06T04:09:01.839364Z",
      "stabilities": [
        "unstable"
      ],
      "unfree": false,
      "version": "1.26.4",
      "outputs_to_install": [
        "out"
      ],
      "outputs": {
        "out": "/nix/store/h0z6ghmi3cihlbm163d72xs9p9nn04a1-go-1.26.4"
      },
      "system": "x86_64-darwin",
      "group": "toplevel",
      "priority": 5
    },
    {
      "attr_path": "go",
      "broken": false,
      "derivation": "/nix/store/z0b6qhv17xys7hfpnxmk0vm31nc3pxdf-go-1.26.4.drv",
      "description": "Go Programming language",
      "install_id": "go",
      "license": "BSD-3-Clause",
      "locked_url": "https://github.com/flox/nixpkgs?rev=d407951447dcd00442e97087bf374aad70c04cea",
      "name": "go-1.26.4",
      "pname": "go",
      "rev": "d407951447dcd00442e97087bf374aad70c04cea",
      "rev_count": 1027867,
      "rev_date": "2026-07-05T04:06:12Z",
      "scrape_date": "2026-07-06T04:40:26.718134Z",
      "stabilities": [
        "unstable"
      ],
      "unfree": false,
      "version": "1.26.4",
      "outputs_to_install": [
        "out"
      ],
      "outputs": {
        "out": "/nix/store/gb0njhqswlc5n127ikgyikvq39r40l6f-go-1.26.4"
      },
      "system": "x86_64-linux",
      "group": "toplevel",
      "priority": 5
    },
    {
      "attr_path": "nodejs",
      "broken": false,
      "derivation": "/nix/store/1a0cn85p1mwixhwy16db7v2652pz7l8g-nodejs-24.16.0.drv",
      "description": "Event-driven I/O framework for the V8 JavaScript engine",
      "install_id": "nodejs",
      "license": "MIT",
      "locked_url": "https://github.com/flox/nixpkgs?rev=d407951447dcd00442e97087bf374aad70c04cea",
      "name": "nodejs-24.16.0",
      "pname": "nodejs",
      "rev": "d407951447dcd00442e97087bf374aad70c04cea",
      "rev_count": 1027867,
      "rev_date": "2026-07-05T04:06:12Z",
      "scrape_date": "2026-07-06T03:13:20.493760Z",
      "stabilities": [
        "unstable"
      ],
      "unfree": false,
      "version": "24.16.0",
      "outputs_to_install": [
        "out"
      ],
      "outputs": {
        "out": "/nix/store/1zm1xb652wk1kscxbcvbryq8y45b0gy5-nodejs-24.16.0"
      },
      "system": "aarch64-darwin",
      "group": "toplevel",
      "priority": 5
    },
    {
      "attr_path": "nodejs",
      "broken": false,
      "derivation": "/nix/store/aay2n9r5ljwfvlva807p9f0p1vpwg7mb-nodejs-24.16.0.drv",
      "description": "Event-driven I/O framework for the V8 JavaScript engine",
      "install_id": "nodejs",
      "license": "MIT",
      "locked_url": "https://github.com/flox/nixpkgs?rev=d407951447dcd00442e97087bf374aad70c04cea",
      "name": "nodejs-24.16.0",
      "pname": "nodejs",
      "rev": "d407951447dcd00442e97087bf374aad70c04cea",
      "rev_count": 1027867,
      "rev_date": "2026-07-05T04:06:12Z",
      "scrape_date": "2026-07-06T03:42:00.460042Z",
      "stabilities": [
        "unstable"
      ],
      "unfree": false,
      "version": "24.16.0",
      "outputs_to_install": [
        "out"
      ],
      "outputs": {
        "out": "/nix/store/60vys190zxlx4k1jz0kyvk4vydzr7qml-nodejs-24.16.0"
      },
      "system": "aarch64-linux",
      "group": "toplevel",
      "priority": 5
    },
    {
      "attr_path": "nodejs",
      "broken": false,
      "derivation": "/nix/store/yc1bpd21mkkawwxkq2zskmkqjmzwgv54-nodejs-24.16.0.drv",
      "description": "Event-driven I/O framework for the V8 JavaScript engine",
      "install_id": "nodejs",
      "license": "MIT",
      "locked_url": "https://github.com/flox/nixpkgs?rev=d407951447dcd00442e97087bf374aad70c04cea",
      "name": "nodejs-24.16.0",
      "pname": "nodejs",
      "rev": "d407951447dcd00442e97087bf374aad70c04cea",
      "rev_count": 1027867,
      "rev_date": "2026-07-05T04:06:12Z",
      "scrape_date": "2026-07-06T04:09:32.244433Z",
      "stabilities": [
        "unstable"
      ],
      "unfree": false,
      "version": "24.16.0",
      "outputs_to_install": [
        "out"
      ],
      "outputs": {
        "out": "/nix/store/v04l0kjhdvbzkzrnw6ryf43dp8v0qapv-nodejs-24.16.0"
      },
      "system": "x86_64-darwin",
      "group": "toplevel",
      "priority": 5
    },
    {
      "attr_path": "nodejs",
      "broken": false,
      "derivation": "/nix/store/k9jn43g1p70zs7l9vgxh57aarg2s2jkv-nodejs-24.16.0.drv",
      "description": "Event-driven I/O framework for the V8 JavaScript engine",
      "install_id": "nodejs",
      "license": "MIT",
      "locked_url": "https://github.com/flox/nixpkgs?rev=d407951447dcd00442e97087bf374aad70c04cea",
      "name": "nodejs-24.16.0",
      "pname": "nodejs",
      "rev": "d407951447dcd00442e97087bf374aad70c04cea",
      "rev_count": 1027867,
      "rev_date": "2026-07-05T04:06:12Z",
      "scrape_date": "2026-07-06T04:41:05.911622Z",
      "stabilities": [
        "unstable"
      ],
      "unfree": false,
      "version": "24.16.0",
      "outputs_to_install": [
        "out"
      ],
      "outputs": {
        "out": "/nix/store/zvj0hl7rhh0ccr5vkcg3ijs3xm3sgyac-nodejs-24.16.0"
      },
      "system": "x86_64-linux",
      "group": "toplevel",
      "priority": 5
    },
    {
      "attr_path": "python3",
      "broken": false,
      "derivation": "/nix/store/ffz1bwjdzglryqx0pn3jngal4bz66xfh-python3-3.13.13.drv",
      "description": "High-level dynamically-typed programming language",
      "install_id": "python3",
      "license": "Python-2.0",
      "locked_url": "https://github.com/flox/nixpkgs?rev=d407951447dcd00442e97087bf374aad70c04cea",
      "name": "python3-3.13.13",
      "pname": "python3",
      "rev": "d407951447dcd00442e97087bf374aad70c04cea",
      "rev_count": 1027867,
      "rev_date": "2026-07-05T04:06:12Z",
      "scrape_date": "2026-07-06T03:13:37.148341Z",
      "stabilities": [
        "unstable"
      ],
      "unfree": false,
      "version": "3.13.13",
      "outputs_to_install": [
        "out"
      ],
      "outputs": {
        "out": "/nix/store/mfkdmplffnbc0av8r6pknl796a6b1r2n-python3-3.13.13"
      },
      "system": "aarch64-darwin",
      "group": "toplevel",
      "priority": 5
    },
    {
      "attr_path": "python3",
      "broken": false,
      "derivation": "/nix/store/v13czlpngkramf29nnn8qa0l4svfflwm-python3-3.13.13.drv",
      "description": "High-level dynamically-typed programming language",
      "install_id": "python3",
      "license": "Python-2.0",
      "locked_url": "https://github.com/flox/nixpkgs?rev=d407951447dcd00442e97087bf374aad70c04cea",
      "name": "python3-3.13.13",
      "pname": "python3",
      "rev": "d407951447dcd00442e97087bf374aad70c04cea",
      "rev_count": 1027867,
      "rev_date": "2026-07-05T04:06:12Z",
      "scrape_date": "2026-07-06T03:42:22.923986Z",
      "stabilities": [
        "unstable"
      ],
      "unfree": false,
      "version": "3.13.13",
      "outputs_to_install": [
        "out",
        "out"
      ],
      "outputs": {
        "debug": "/nix/store/qfb6yj603w8qxd86j0cj7w54l1pv3rkz-python3-3.13.13-debug",
        "out": "/nix/store/smwd56pl54f0pcjdspgh5vnf20c8xwsc-python3-3.13.13"
      },
      "system": "aarch64-linux",
      "group": "toplevel",
      "priority": 5
    },
    {
      "attr_path": "python3",
      "broken": false,
      "derivation": "/nix/store/5vh9qfs54q47jybcd5zhxmap7lgk2dhg-python3-3.13.13.drv",
      "description": "High-level dynamically-typed programming language",
      "install_id": "python3",
      "license": "Python-2.0",
      "locked_url": "https://github.com/flox/nixpkgs?rev=d407951447dcd00442e97087bf374aad70c04cea",
      "name": "python3-3.13.13",
      "pname": "python3",
      "rev": "d407951447dcd00442e97087bf374aad70c04cea",
      "rev_count": 1027867,
      "rev_date": "2026-07-05T04:06:12Z",
      "scrape_date": "2026-07-06T04:09:53.021160Z",
      "stabilities": [
        "unstable"
      ],
      "unfree": false,
      "version": "3.13.13",
      "outputs_to_install": [
        "out"
      ],
      "outputs": {
        "out": "/nix/store/1137mc2md1ip5pdslybxl05kysjyh4rg-python3-3.13.13"
      },
      "system": "x86_64-darwin",
      "group": "toplevel",
      "priority": 5
    },
    {
      "attr_path": "python3",
      "broken": false,
      "derivation": "/nix/store/d8rrzn9gg475brqyfpdaa3w76gzwmvx4-python3-3.13.13.drv",
      "description": "High-level dynamically-typed programming language",
      "install_id": "python3",
      "license": "Python-2.0",
      "locked_url": "https://github.com/flox/nixpkgs?rev=d407951447dcd00442e97087bf374aad70c04cea",
      "name": "python3-3.13.13",
      "pname": "python3",
      "rev": "d407951447dcd00442e97087bf374aad70c04cea",
      "rev_count": 1027867,
      "rev_date": "2026-07-05T04:06:12Z",
      "scrape_date": "2026-07-06T04:41:29.489145Z",
      "stabilities": [
        "unstable"
      ],
      "unfree": false,
      "version": "3.13.13",
      "outputs_to_install": [
        "out",
        "out"
      ],
      "outputs": {
        "debug": "/nix/store/g2pg1an3v5pm2fmwg1g7dw77ddpqirg7-python3-3.13.13-debug",
        "out": "/nix/store/l9k0anq0z7zz81zcwy035jfwap9ga6rl-python3-3.13.13"
      },
      "system": "x86_64-linux",
      "group": "toplevel",
      "priority": 5
    },
    {
      "attr_path": "ruby",
      "broken": false,
      "derivation": "/nix/store/7isqwnvq6jxqnaf75i3b75vz4y3aswz3-ruby-3.4.9.drv",
      "description": "Object-oriented language for quick and easy programming",
      "install_id": "ruby",
      "license": "Ruby",
      "locked_url": "https://github.com/flox/nixpkgs?rev=d407951447dcd00442e97087bf374aad70c04cea",
      "name": "ruby-3.4.9",
      "pname": "ruby",
      "rev": "d407951447dcd00442e97087bf374aad70c04cea",
      "rev_count": 1027867,
      "rev_date": "2026-07-05T04:06:12Z",
      "scrape_date": "2026-07-06T03:14:29.008080Z",
      "stabilities": [
        "unstable"
      ],
      "unfree": false,
      "version": "3.4.9",
      "outputs_to_install": [
        "out"
      ],
      "outputs": {
        "devdoc": "/nix/store/4s6ig5kgb5ra1gwx11lmfqs2c4fqnd7j-ruby-3.4.9-devdoc",
        "out": "/nix/store/xrzvqg9ncbkp90fx5jwhwrzasbfq1p8c-ruby-3.4.9"
      },
      "system": "aarch64-darwin",
      "group": "toplevel",
      "priority": 5
    },
    {
      "attr_path": "ruby",
      "broken": false,
      "derivation": "/nix/store/dyvx29fpd1x4vczxqj86k5asv8d2vpv5-ruby-3.4.9.drv",
      "description": "Object-oriented language for quick and easy programming",
      "install_id": "ruby",
      "license": "Ruby",
      "locked_url": "https://github.com/flox/nixpkgs?rev=d407951447dcd00442e97087bf374aad70c04cea",
      "name": "ruby-3.4.9",
      "pname": "ruby",
      "rev": "d407951447dcd00442e97087bf374aad70c04cea",
      "rev_count": 1027867,
      "rev_date": "2026-07-05T04:06:12Z",
      "scrape_date": "2026-07-06T03:43:25.657095Z",
      "stabilities": [
        "unstable"
      ],
      "unfree": false,
      "version": "3.4.9",
      "outputs_to_install": [
        "out"
      ],
      "outputs": {
        "devdoc": "/nix/store/55pmicagm47skmm2d0b65f09drfhr1yw-ruby-3.4.9-devdoc",
        "out": "/nix/store/y0h56495g3ym1mh7x5m84ji1gsv0n13q-ruby-3.4.9"
      },
      "system": "aarch64-linux",
      "group": "toplevel",
      "priority": 5
    },
    {
      "attr_path": "ruby",
      "broken": false,
      "derivation": "/nix/store/f1jda0n3i0nyrqwxl94jvh2hmm26hp2v-ruby-3.4.9.drv",
      "description": "Object-oriented language for quick and easy programming",
      "install_id": "ruby",
      "license": "Ruby",
      "locked_url": "https://github.com/flox/nixpkgs?rev=d407951447dcd00442e97087bf374aad70c04cea",
      "name": "ruby-3.4.9",
      "pname": "ruby",
      "rev": "d407951447dcd00442e97087bf374aad70c04cea",
      "rev_count": 1027867,
      "rev_date": "2026-07-05T04:06:12Z",
      "scrape_date": "2026-07-06T04:10:57.408955Z",
      "stabilities": [
        "unstable"
      ],
      "unfree": false,
      "version": "3.4.9",
      "outputs_to_install": [
        "out"
      ],
      "outputs": {
        "devdoc": "/nix/store/rmqxa47vl3klg1ry4p8h3l1vigscqkk6-ruby-3.4.9-devdoc",
        "out": "/nix/store/pj6sw5j7inzw14nx4mhad31bqr5xa7ky-ruby-3.4.9"
      },
      "system": "x86_64-darwin",
      "group": "toplevel",
      "priority": 5
    },
    {
      "attr_path": "ruby",
      "broken": false,
      "derivation": "/nix/store/kr2713syv2cv4zzygplq7fddwx7dfrmp-ruby-3.4.9.drv",
      "description": "Object-oriented language for quick and easy programming",
      "install_id": "ruby",
      "license": "Ruby",
      "locked_url": "https://github.com/flox/nixpkgs?rev=d407951447dcd00442e97087bf374aad70c04cea",
      "name": "ruby-3.4.9",
      "pname": "ruby",
      "rev": "d407951447dcd00442e97087bf374aad70c04cea",
      "rev_count": 1027867,
      "rev_date": "2026-07-05T04:06:12Z",
      "scrape_date": "2026-07-06T04:42:37.273477Z",
      "stabilities": [
        "unstable"
      ],
      "unfree": false,
      "version": "3.4.9",
      "outputs_to_install": [
        "out"
      ],
      "outputs": {
        "devdoc": "/nix/store/w10jfni33y1b5wizvi3mir53k408n3r6-ruby-3.4.9-devdoc",
        "out": "/nix/store/ks57gbw6jia5ssk0rd407ic2r8qvw9nn-ruby-3.4.9"
      },
      "system": "x86_64-linux",
      "group": "toplevel",
      "priority": 5
    }
  ]
}
